
Microsoft Visual Studio Solution File, Format Version 12.00
# Visual Studio Version 16
VisualStudioVersion = 16.0.30128.74
MinimumVisualStudioVersion = 10.0.40219.1
Project("{9A19103F-16F7-4668-BE54-9A1E7A4F7556}") = "ECommerce.Core", "ECommerce.Core\ECommerce.Core.csproj", "{8BC9F38D-9001-496F-B485-33E4F066D11F}"
EndProject
Project("{9A19103F-16F7-4668-BE54-9A1E7A4F7556}") = "ECommerce.Business", "ECommerce.Business\ECommerce.Business.csproj", "{B8FC3F19-0905-4359-BD86-2B0C16DB82BC}"
EndProject
Project("{9A19103F-16F7-4668-BE54-9A1E7A4F7556}") = "ECommerce.DataAccess", "ECommerce.DataAccess\ECommerce.DataAccess.csproj", "{35BE63A0-3DE3-4DBC-8754-6E075C88DFF5}"
EndProject
Project("{9A19103F-16F7-4668-BE54-9A1E7A4F7556}") = "ECommerce.Entities", "ECommerce.Entities\ECommerce.Entities.csproj", "{942DFE1D-EBD4-405B-94AE-CBA22D3D6E07}"
EndProject
Project("{FAE04EC0-301F-11D3-BF4B-00C04F79EFBC}") = "ECommerce.WebApi", "ECommerce.WebApi\ECommerce.WebApi.csproj", "{E257D496-85DF-47CA-AB2F-97C150FCF1AA}"
EndProject
Global
	GlobalSection(SolutionConfigurationPlatforms) = preSolution
		Debug|Any CPU = Debug|Any CPU
		Release|Any CPU = Release|Any CPU
	EndGlobalSection
	GlobalSection(ProjectConfigurationPlatforms) = postSolution
		{8BC9F38D-9001-496F-B485-33E4F066D11F}.Debug|Any CPU.ActiveCfg = Debug|Any CPU
		{8BC9F38D-9001-496F-B485-33E4F066D11F}.Debug|Any CPU.Build.0 = Debug|Any CPU
		{8BC9F38D-9001-496F-B485-33E4F066D11F}.Release|Any CPU.ActiveCfg = Release|Any CPU
		{8BC9F38D-9001-496F-B485-33E4F066D11F}.Release|Any CPU.Build.0 = Release|Any CPU
		{B8FC3F19-0905-4359-BD86-2B0C16DB82BC}.Debug|Any CPU.ActiveCfg = Debug|Any CPU
		{B8FC3F19-0905-4359-BD86-2B0C16DB82BC}.Debug|Any CPU.Build.0 = Debug|Any CPU
		{B8FC3F19-0905-4359-BD86-2B0C16DB82BC}.Release|Any CPU.ActiveCfg = Release|Any CPU
		{B8FC3F19-0905-4359-BD86-2B0C16DB82BC}.Release|Any CPU.Build.0 = Release|Any CPU
		{35BE63A0-3DE3-4DBC-8754-6E075C88DFF5}.Debug|Any CPU.ActiveCfg = Debug|Any CPU
		{35BE63A0-3DE3-4DBC-8754-6E075C88DFF5}.Debug|Any CPU.Build.0 = Debug|Any CPU
		{35BE63A0-3DE3-4DBC-8754-6E075C88DFF5}.Release|Any CPU.ActiveCfg = Release|Any CPU
		{35BE63A0-3DE3-4DBC-8754-6E075C88DFF5}.Release|Any CPU.Build.0 = Release|Any CPU
		{942DFE1D-EBD4-405B-94AE-CBA22D3D6E07}.Debug|Any CPU.ActiveCfg = Debug|Any CPU
		{942DFE1D-EBD4-405B-94AE-CBA22D3D6E07}.Debug|Any CPU.Build.0 = Debug|Any CPU
		{942DFE1D-EBD4-405B-94AE-CBA22D3D6E07}.Release|Any CPU.ActiveCfg = Release|Any CPU
		{942DFE1D-EBD4-405B-94AE-CBA22D3D6E07}.Release|Any CPU.Build.0 = Release|Any CPU
		{E257D496-85DF-47CA-AB2F-97C150FCF1AA}.Debug|Any CPU.ActiveCfg = Debug|Any CPU
		{E257D496-85DF-47CA-AB2F-97C150FCF1AA}.Debug|Any CPU.Build.0 = Debug|Any CPU
		{E257D496-85DF-47CA-AB2F-97C150FCF1AA}.Release|Any CPU.ActiveCfg = Release|Any CPU
		{E257D496-85DF-47CA-AB2F-97C150FCF1AA}.Release|Any CPU.Build.0 = Release|Any CPU
	EndGlobalSection
	GlobalSection(SolutionProperties) = preSolution
		HideSolutionNode = FALSE
	EndGlobalSection
	GlobalSection(ExtensibilityGlobals) = postSolution
		SolutionGuid = {BDC3308F-EE4A-4077-97E4-22B6E68D60E8}
	EndGlobalSection
EndGlobal
